PODS:
  - Firebase/CoreOnly (5.6.0):
    - FirebaseCore (= 5.1.1)
  - Firebase/Functions (5.6.0):
    - Firebase/CoreOnly
    - FirebaseFunctions (= 2.1.0)
  - FirebaseCore (5.1.1):
    - GoogleUtilities/Logger (~> 5.2)
  - FirebaseFunctions (2.1.0):
    - FirebaseCore (~> 5.0)
    - GTMSessionFetcher/Core (~> 1.1)
  - GoogleUtilities/Environment (5.2.2)
  - GoogleUtilities/Logger (5.2.2):
    - GoogleUtilities/Environment
  - GTMSessionFetcher/Core (1.2.0)
  - Result (4.0.0)

DEPENDENCIES:
  - Firebase/Functions
  - Result

SPEC REPOS:
  https://github.com/cocoapods/specs.git:
    - Firebase
    - FirebaseCore
    - FirebaseFunctions
    - GoogleUtilities
    - GTMSessionFetcher
    - Result

SPEC CHECKSUMS:
  Firebase: 75ea9e232eefa158c1049028030b8f661a2ccb62
  FirebaseCore: cb9ee75e0894def766167c95a4d5a14b1c138269
  FirebaseFunctions: 0cb3bc0bbeac1daf6fea378a1064ff7f484e4c4e
  GoogleUtilities: 06b66f9567769a7958db20a92f0128b2843e49d5
  GTMSessionFetcher: 0c4baf0a73acd0041bf9f71ea018deedab5ea84e
  Result: 7645bb3f50c2ce726dd0ff2fa7b6f42bbe6c3713

PODFILE CHECKSUM: bf250ce143a75add47c39840fb511b2456da3d33

COCOAPODS: 1.5.3
