PODS:
  - Firebase/CoreOnly (5.0.1):
    - FirebaseCore (= 5.0.1)
  - Firebase/Functions (5.0.1):
    - Firebase/CoreOnly
    - FirebaseFunctions (= 2.0.0)
  - FirebaseCore (5.0.1):
    - "GoogleToolboxForMac/NSData+zlib (~> 2.1)"
  - FirebaseFunctions (2.0.0):
    - FirebaseCore (~> 5.0)
    - GTMSessionFetcher/Core (~> 1.1)
  - GoogleToolboxForMac/Defines (2.1.4)
  - "GoogleToolboxForMac/NSData+zlib (2.1.4)":
    - GoogleToolboxForMac/Defines (= 2.1.4)
  - GTMSessionFetcher/Core (1.1.15)
  - Result (4.0.0)

DEPENDENCIES:
  - Firebase/Functions
  - Result

SPEC REPOS:
  https://github.com/cocoapods/specs.git:
    - Firebase
    - FirebaseCore
    - FirebaseFunctions
    - GoogleToolboxForMac
    - GTMSessionFetcher
    - Result

SPEC CHECKSUMS:
  Firebase: d6861c2059d8c32d1e6dd8932e22ada346d90a3a
  FirebaseCore: cafc814b2d84fc8733f09e653041cc2165332ad7
  FirebaseFunctions: 141da172b7491276d9da8715b8ca88f9e439ffb6
  GoogleToolboxForMac: 91c824d21e85b31c2aae9bb011c5027c9b4e738f
  GTMSessionFetcher: 5fa5b80fd20e439ef5f545fb2cb3ca6c6714caa2
  Result: 7645bb3f50c2ce726dd0ff2fa7b6f42bbe6c3713

PODFILE CHECKSUM: bf250ce143a75add47c39840fb511b2456da3d33

COCOAPODS: 1.5.3
