// !$*UTF8*$!
{
	archiveVersion = 1;
	classes = {
	};
	objectVersion = 48;
	objects = {

/* Begin PBXBuildFile section */
		169C17A5209945BC008A94D2 /* CallableSession.swift in Sources */ = {isa = PBXBuildFile; fileRef = 169C17A4209945BC008A94D2 /* CallableSession.swift */; };
		169C17A6209947F5008A94D2 /* Session.swift in Sources */ = {isa = PBXBuildFile; fileRef = 169C17A2209945B0008A94D2 /* Session.swift */; };
		169C17A720994B9F008A94D2 /* Session.swift in Sources */ = {isa = PBXBuildFile; fileRef = 169C17A2209945B0008A94D2 /* Session.swift */; };
		169C17A820994BAA008A94D2 /* CallableSession.swift in Sources */ = {isa = PBXBuildFile; fileRef = 169C17A4209945BC008A94D2 /* CallableSession.swift */; };
		320D9A5720651B6B00BF5396 /* AppDelegate.swift in Sources */ = {isa = PBXBuildFile; fileRef = 320D9A5620651B6B00BF5396 /* AppDelegate.swift */; };
		320D9A5920651B6B00BF5396 /* ViewController.swift in Sources */ = {isa = PBXBuildFile; fileRef = 320D9A5820651B6B00BF5396 /* ViewController.swift */; };
		320D9A5C20651B6B00BF5396 /* Main.storyboard in Resources */ = {isa = PBXBuildFile; fileRef = 320D9A5A20651B6B00BF5396 /* Main.storyboard */; };
		320D9A5E20651B6B00BF5396 /* Assets.xcassets in Resources */ = {isa = PBXBuildFile; fileRef = 320D9A5D20651B6B00BF5396 /* Assets.xcassets */; };
		320D9A6120651B6B00BF5396 /* LaunchScreen.storyboard in Resources */ = {isa = PBXBuildFile; fileRef = 320D9A5F20651B6B00BF5396 /* LaunchScreen.storyboard */; };
		320D9A6620651B8000BF5396 /* Callable.swift in Sources */ = {isa = PBXBuildFile; fileRef = 32F3556E2065144600E49EF2 /* Callable.swift */; };
		32F3555E2065143500E49EF2 /* Callable.framework in Frameworks */ = {isa = PBXBuildFile; fileRef = 32F355542065143500E49EF2 /* Callable.framework */; };
		32F355632065143500E49EF2 /* CallableTests.swift in Sources */ = {isa = PBXBuildFile; fileRef = 32F355622065143500E49EF2 /* CallableTests.swift */; };
		32F355652065143500E49EF2 /* Callable.h in Headers */ = {isa = PBXBuildFile; fileRef = 32F355572065143500E49EF2 /* Callable.h */; settings = {ATTRIBUTES = (Public, ); }; };
		32F3556F2065144600E49EF2 /* Callable.swift in Sources */ = {isa = PBXBuildFile; fileRef = 32F3556E2065144600E49EF2 /* Callable.swift */; };
		A3357418B5DCD54416CC9DAD /* Pods_Callable.framework in Frameworks */ = {isa = PBXBuildFile; fileRef = 7D0117E721BF170C45FF0866 /* Pods_Callable.framework */; };
		F12662F634FDAF7598492EE2 /* Pods_Demo.framework in Frameworks */ = {isa = PBXBuildFile; fileRef = 1D0803CA92EFDB6C97F9ED65 /* Pods_Demo.framework */; };
		F1E0A7B7D1D4936C1292526E /* Pods_CallableTests.framework in Frameworks */ = {isa = PBXBuildFile; fileRef = 33AA8444CEF55369BAC78C88 /* Pods_CallableTests.framework */; };
/* End PBXBuildFile section */

/* Begin PBXContainerItemProxy section */
		32F3555F2065143500E49EF2 /* PBXContainerItemProxy */ = {
			isa = PBXContainerItemProxy;
			containerPortal = 32F3554B2065143500E49EF2 /* Project object */;
			proxyType = 1;
			remoteGlobalIDString = 32F355532065143500E49EF2;
			remoteInfo = Callable;
		};
/* End PBXContainerItemProxy section */

/* Begin PBXFileReference section */
		169C17A2209945B0008A94D2 /* Session.swift */ = {isa = PBXFileReference; lastKnownFileType = sourcecode.swift; path = Session.swift; sourceTree = "<group>"; };
		169C17A4209945BC008A94D2 /* CallableSession.swift */ = {isa = PBXFileReference; lastKnownFileType = sourcecode.swift; path = CallableSession.swift; sourceTree = "<group>"; };
		1D0803CA92EFDB6C97F9ED65 /* Pods_Demo.framework */ = {isa = PBXFileReference; explicitFileType = wrapper.framework; includeInIndex = 0; path = Pods_Demo.framework; sourceTree = BUILT_PRODUCTS_DIR; };
		320D9A5420651B6B00BF5396 /* Demo.app */ = {isa = PBXFileReference; explicitFileType = wrapper.application; includeInIndex = 0; path = Demo.app; sourceTree = BUILT_PRODUCTS_DIR; };
		320D9A5620651B6B00BF5396 /* AppDelegate.swift */ = {isa = PBXFileReference; lastKnownFileType = sourcecode.swift; path = AppDelegate.swift; sourceTree = "<group>"; };
		320D9A5820651B6B00BF5396 /* ViewController.swift */ = {isa = PBXFileReference; lastKnownFileType = sourcecode.swift; path = ViewController.swift; sourceTree = "<group>"; };
		320D9A5B20651B6B00BF5396 /* Base */ = {isa = PBXFileReference; lastKnownFileType = file.storyboard; name = Base; path = Base.lproj/Main.storyboard; sourceTree = "<group>"; };
		320D9A5D20651B6B00BF5396 /* Assets.xcassets */ = {isa = PBXFileReference; lastKnownFileType = folder.assetcatalog; path = Assets.xcassets; sourceTree = "<group>"; };
		320D9A6020651B6B00BF5396 /* Base */ = {isa = PBXFileReference; lastKnownFileType = file.storyboard; name = Base; path = Base.lproj/LaunchScreen.storyboard; sourceTree = "<group>"; };
		320D9A6220651B6B00BF5396 /* Info.plist */ = {isa = PBXFileReference; lastKnownFileType = text.plist.xml; path = Info.plist; sourceTree = "<group>"; };
		32F355542065143500E49EF2 /* Callable.framework */ = {isa = PBXFileReference; explicitFileType = wrapper.framework; includeInIndex = 0; path = Callable.framework; sourceTree = BUILT_PRODUCTS_DIR; };
		32F355572065143500E49EF2 /* Callable.h */ = {isa = PBXFileReference; lastKnownFileType = sourcecode.c.h; path = Callable.h; sourceTree = "<group>"; };
		32F355582065143500E49EF2 /* Info.plist */ = {isa = PBXFileReference; lastKnownFileType = text.plist.xml; path = Info.plist; sourceTree = "<group>"; };
		32F3555D2065143500E49EF2 /* CallableTests.xctest */ = {isa = PBXFileReference; explicitFileType = wrapper.cfbundle; includeInIndex = 0; path = CallableTests.xctest; sourceTree = BUILT_PRODUCTS_DIR; };
		32F355622065143500E49EF2 /* CallableTests.swift */ = {isa = PBXFileReference; lastKnownFileType = sourcecode.swift; path = CallableTests.swift; sourceTree = "<group>"; };
		32F355642065143500E49EF2 /* Info.plist */ = {isa = PBXFileReference; lastKnownFileType = text.plist.xml; path = Info.plist; sourceTree = "<group>"; };
		32F3556E2065144600E49EF2 /* Callable.swift */ = {isa = PBXFileReference; lastKnownFileType = sourcecode.swift; path = Callable.swift; sourceTree = "<group>"; };
		33AA8444CEF55369BAC78C88 /* Pods_CallableTests.framework */ = {isa = PBXFileReference; explicitFileType = wrapper.framework; includeInIndex = 0; path = Pods_CallableTests.framework; sourceTree = BUILT_PRODUCTS_DIR; };
		55F8EC0DA65C350650315359 /* Pods-Callable.release.xcconfig */ = {isa = PBXFileReference; includeInIndex = 1; lastKnownFileType = text.xcconfig; name = "Pods-Callable.release.xcconfig"; path = "Pods/Target Support Files/Pods-Callable/Pods-Callable.release.xcconfig"; sourceTree = "<group>"; };
		61B1109EBA47744A611B26F8 /* Pods-CallableTests.release.xcconfig */ = {isa = PBXFileReference; includeInIndex = 1; lastKnownFileType = text.xcconfig; name = "Pods-CallableTests.release.xcconfig"; path = "Pods/Target Support Files/Pods-CallableTests/Pods-CallableTests.release.xcconfig"; sourceTree = "<group>"; };
		7D0117E721BF170C45FF0866 /* Pods_Callable.framework */ = {isa = PBXFileReference; explicitFileType = wrapper.framework; includeInIndex = 0; path = Pods_Callable.framework; sourceTree = BUILT_PRODUCTS_DIR; };
		AFF86B837E5B03A2A77B261F /* Pods-Callable.debug.xcconfig */ = {isa = PBXFileReference; includeInIndex = 1; lastKnownFileType = text.xcconfig; name = "Pods-Callable.debug.xcconfig"; path = "Pods/Target Support Files/Pods-Callable/Pods-Callable.debug.xcconfig"; sourceTree = "<group>"; };
		C6A834606B975698042E328C /* Pods-Demo.release.xcconfig */ = {isa = PBXFileReference; includeInIndex = 1; lastKnownFileType = text.xcconfig; name = "Pods-Demo.release.xcconfig"; path = "Pods/Target Support Files/Pods-Demo/Pods-Demo.release.xcconfig"; sourceTree = "<group>"; };
		DCA64A3D11BD3256D11E8BEC /* Pods-CallableTests.debug.xcconfig */ = {isa = PBXFileReference; includeInIndex = 1; lastKnownFileType = text.xcconfig; name = "Pods-CallableTests.debug.xcconfig"; path = "Pods/Target Support Files/Pods-CallableTests/Pods-CallableTests.debug.xcconfig"; sourceTree = "<group>"; };
		E53AAD155DAFD375528CD1C9 /* Pods-Demo.debug.xcconfig */ = {isa = PBXFileReference; includeInIndex = 1; lastKnownFileType = text.xcconfig; name = "Pods-Demo.debug.xcconfig"; path = "Pods/Target Support Files/Pods-Demo/Pods-Demo.debug.xcconfig"; sourceTree = "<group>"; };
/* End PBXFileReference section */

/* Begin PBXFrameworksBuildPhase section */
		320D9A5120651B6B00BF5396 /* Frameworks */ = {
			isa = PBXFrameworksBuildPhase;
			buildActionMask = 2147483647;
			files = (
				F12662F634FDAF7598492EE2 /* Pods_Demo.framework in Frameworks */,
			);
			runOnlyForDeploymentPostprocessing = 0;
		};
		32F355502065143500E49EF2 /* Frameworks */ = {
			isa = PBXFrameworksBuildPhase;
			buildActionMask = 2147483647;
			files = (
				A3357418B5DCD54416CC9DAD /* Pods_Callable.framework in Frameworks */,
			);
			runOnlyForDeploymentPostprocessing = 0;
		};
		32F3555A2065143500E49EF2 /* Frameworks */ = {
			isa = PBXFrameworksBuildPhase;
			buildActionMask = 2147483647;
			files = (
				32F3555E2065143500E49EF2 /* Callable.framework in Frameworks */,
				F1E0A7B7D1D4936C1292526E /* Pods_CallableTests.framework in Frameworks */,
			);
			runOnlyForDeploymentPostprocessing = 0;
		};
/* End PBXFrameworksBuildPhase section */

/* Begin PBXGroup section */
		320D9A5520651B6B00BF5396 /* Demo */ = {
			isa = PBXGroup;
			children = (
				320D9A5620651B6B00BF5396 /* AppDelegate.swift */,
				320D9A5820651B6B00BF5396 /* ViewController.swift */,
				320D9A5A20651B6B00BF5396 /* Main.storyboard */,
				320D9A5D20651B6B00BF5396 /* Assets.xcassets */,
				320D9A5F20651B6B00BF5396 /* LaunchScreen.storyboard */,
				320D9A6220651B6B00BF5396 /* Info.plist */,
			);
			path = Demo;
			sourceTree = "<group>";
		};
		32F3554A2065143500E49EF2 = {
			isa = PBXGroup;
			children = (
				320D9A5520651B6B00BF5396 /* Demo */,
				32F355562065143500E49EF2 /* Callable */,
				32F355612065143500E49EF2 /* CallableTests */,
				32F355552065143500E49EF2 /* Products */,
				8B35913C430CCDF23A9EF280 /* Pods */,
				4509CA12D2FD00C1A4CDBBC3 /* Frameworks */,
			);
			sourceTree = "<group>";
		};
		32F355552065143500E49EF2 /* Products */ = {
			isa = PBXGroup;
			children = (
				32F355542065143500E49EF2 /* Callable.framework */,
				32F3555D2065143500E49EF2 /* CallableTests.xctest */,
				320D9A5420651B6B00BF5396 /* Demo.app */,
			);
			name = Products;
			sourceTree = "<group>";
		};
		32F355562065143500E49EF2 /* Callable */ = {
			isa = PBXGroup;
			children = (
				32F355572065143500E49EF2 /* Callable.h */,
				32F355582065143500E49EF2 /* Info.plist */,
				32F3556E2065144600E49EF2 /* Callable.swift */,
				169C17A2209945B0008A94D2 /* Session.swift */,
				169C17A4209945BC008A94D2 /* CallableSession.swift */,
			);
			path = Callable;
			sourceTree = "<group>";
		};
		32F355612065143500E49EF2 /* CallableTests */ = {
			isa = PBXGroup;
			children = (
				32F355622065143500E49EF2 /* CallableTests.swift */,
				32F355642065143500E49EF2 /* Info.plist */,
			);
			path = CallableTests;
			sourceTree = "<group>";
		};
		4509CA12D2FD00C1A4CDBBC3 /* Frameworks */ = {
			isa = PBXGroup;
			children = (
				7D0117E721BF170C45FF0866 /* Pods_Callable.framework */,
				33AA8444CEF55369BAC78C88 /* Pods_CallableTests.framework */,
				1D0803CA92EFDB6C97F9ED65 /* Pods_Demo.framework */,
			);
			name = Frameworks;
			sourceTree = "<group>";
		};
		8B35913C430CCDF23A9EF280 /* Pods */ = {
			isa = PBXGroup;
			children = (
				AFF86B837E5B03A2A77B261F /* Pods-Callable.debug.xcconfig */,
				55F8EC0DA65C350650315359 /* Pods-Callable.release.xcconfig */,
				DCA64A3D11BD3256D11E8BEC /* Pods-CallableTests.debug.xcconfig */,
				61B1109EBA47744A611B26F8 /* Pods-CallableTests.release.xcconfig */,
				E53AAD155DAFD375528CD1C9 /* Pods-Demo.debug.xcconfig */,
				C6A834606B975698042E328C /* Pods-Demo.release.xcconfig */,
			);
			name = Pods;
			sourceTree = "<group>";
		};
/* End PBXGroup section */

/* Begin PBXHeadersBuildPhase section */
		32F355512065143500E49EF2 /* Headers */ = {
			isa = PBXHeadersBuildPhase;
			buildActionMask = 2147483647;
			files = (
				32F355652065143500E49EF2 /* Callable.h in Headers */,
			);
			runOnlyForDeploymentPostprocessing = 0;
		};
/* End PBXHeadersBuildPhase section */

/* Begin PBXNativeTarget section */
		320D9A5320651B6B00BF5396 /* Demo */ = {
			isa = PBXNativeTarget;
			buildConfigurationList = 320D9A6520651B6B00BF5396 /* Build configuration list for PBXNativeTarget "Demo" */;
			buildPhases = (
				30A5A009EC82813833139B28 /* [CP] Check Pods Manifest.lock */,
				320D9A5020651B6B00BF5396 /* Sources */,
				320D9A5120651B6B00BF5396 /* Frameworks */,
				320D9A5220651B6B00BF5396 /* Resources */,
				E29392669CAF8F4EF4065C24 /* [CP] Embed Pods Frameworks */,
			);
			buildRules = (
			);
			dependencies = (
			);
			name = Demo;
			productName = Demo;
			productReference = 320D9A5420651B6B00BF5396 /* Demo.app */;
			productType = "com.apple.product-type.application";
		};
		32F355532065143500E49EF2 /* Callable */ = {
			isa = PBXNativeTarget;
			buildConfigurationList = 32F355682065143500E49EF2 /* Build configuration list for PBXNativeTarget "Callable" */;
			buildPhases = (
				D5575AAA69A75EBF13C2FF5B /* [CP] Check Pods Manifest.lock */,
				32F3554F2065143500E49EF2 /* Sources */,
				32F355502065143500E49EF2 /* Frameworks */,
				32F355512065143500E49EF2 /* Headers */,
				32F355522065143500E49EF2 /* Resources */,
			);
			buildRules = (
			);
			dependencies = (
			);
			name = Callable;
			productName = Callable;
			productReference = 32F355542065143500E49EF2 /* Callable.framework */;
			productType = "com.apple.product-type.framework";
		};
		32F3555C2065143500E49EF2 /* CallableTests */ = {
			isa = PBXNativeTarget;
			buildConfigurationList = 32F3556B2065143500E49EF2 /* Build configuration list for PBXNativeTarget "CallableTests" */;
			buildPhases = (
				9964510C9A26196594BC4F2D /* [CP] Check Pods Manifest.lock */,
				32F355592065143500E49EF2 /* Sources */,
				32F3555A2065143500E49EF2 /* Frameworks */,
				32F3555B2065143500E49EF2 /* Resources */,
				860EC308F941487D9FC70E8C /* [CP] Embed Pods Frameworks */,
			);
			buildRules = (
			);
			dependencies = (
				32F355602065143500E49EF2 /* PBXTargetDependency */,
			);
			name = CallableTests;
			productName = CallableTests;
			productReference = 32F3555D2065143500E49EF2 /* CallableTests.xctest */;
			productType = "com.apple.product-type.bundle.unit-test";
		};
/* End PBXNativeTarget section */

/* Begin PBXProject section */
		32F3554B2065143500E49EF2 /* Project object */ = {
			isa = PBXProject;
			attributes = {
				LastSwiftUpdateCheck = 0920;
				LastUpgradeCheck = 0920;
				ORGANIZATIONNAME = star__hoshi;
				TargetAttributes = {
					320D9A5320651B6B00BF5396 = {
						CreatedOnToolsVersion = 9.2;
						ProvisioningStyle = Automatic;
					};
					32F355532065143500E49EF2 = {
						CreatedOnToolsVersion = 9.2;
						LastSwiftMigration = 0920;
						ProvisioningStyle = Automatic;
					};
					32F3555C2065143500E49EF2 = {
						CreatedOnToolsVersion = 9.2;
						ProvisioningStyle = Automatic;
					};
				};
			};
			buildConfigurationList = 32F3554E2065143500E49EF2 /* Build configuration list for PBXProject "Callable" */;
			compatibilityVersion = "Xcode 8.0";
			developmentRegion = en;
			hasScannedForEncodings = 0;
			knownRegions = (
				en,
				Base,
			);
			mainGroup = 32F3554A2065143500E49EF2;
			productRefGroup = 32F355552065143500E49EF2 /* Products */;
			projectDirPath = "";
			projectRoot = "";
			targets = (
				32F355532065143500E49EF2 /* Callable */,
				32F3555C2065143500E49EF2 /* CallableTests */,
				320D9A5320651B6B00BF5396 /* Demo */,
			);
		};
/* End PBXProject section */

/* Begin PBXResourcesBuildPhase section */
		320D9A5220651B6B00BF5396 /* Resources */ = {
			isa = PBXResourcesBuildPhase;
			buildActionMask = 2147483647;
			files = (
				320D9A6120651B6B00BF5396 /* LaunchScreen.storyboard in Resources */,
				320D9A5E20651B6B00BF5396 /* Assets.xcassets in Resources */,
				320D9A5C20651B6B00BF5396 /* Main.storyboard in Resources */,
			);
			runOnlyForDeploymentPostprocessing = 0;
		};
		32F355522065143500E49EF2 /* Resources */ = {
			isa = PBXResourcesBuildPhase;
			buildActionMask = 2147483647;
			files = (
			);
			runOnlyForDeploymentPostprocessing = 0;
		};
		32F3555B2065143500E49EF2 /* Resources */ = {
			isa = PBXResourcesBuildPhase;
			buildActionMask = 2147483647;
			files = (
			);
			runOnlyForDeploymentPostprocessing = 0;
		};
/* End PBXResourcesBuildPhase section */

/* Begin PBXShellScriptBuildPhase section */
		30A5A009EC82813833139B28 /* [CP] Check Pods Manifest.lock */ = {
			isa = PBXShellScriptBuildPhase;
			buildActionMask = 2147483647;
			files = (
			);
			inputPaths = (
				"${PODS_PODFILE_DIR_PATH}/Podfile.lock",
				"${PODS_ROOT}/Manifest.lock",
			);
			name = "[CP] Check Pods Manifest.lock";
			outputPaths = (
				"$(DERIVED_FILE_DIR)/Pods-Demo-checkManifestLockResult.txt",
			);
			runOnlyForDeploymentPostprocessing = 0;
			shellPath = /bin/sh;
			shellScript = "diff \"${PODS_PODFILE_DIR_PATH}/Podfile.lock\" \"${PODS_ROOT}/Manifest.lock\" > /dev/null\nif [ $? != 0 ] ; then\n    # print error to STDERR\n    echo \"error: The sandbox is not in sync with the Podfile.lock. Run 'pod install' or update your CocoaPods installation.\" >&2\n    exit 1\nfi\n# This output is used by Xcode 'outputs' to avoid re-running this script phase.\necho \"SUCCESS\" > \"${SCRIPT_OUTPUT_FILE_0}\"\n";
			showEnvVarsInLog = 0;
		};
		860EC308F941487D9FC70E8C /* [CP] Embed Pods Frameworks */ = {
			isa = PBXShellScriptBuildPhase;
			buildActionMask = 2147483647;
			files = (
			);
			inputPaths = (
				"${SRCROOT}/Pods/Target Support Files/Pods-CallableTests/Pods-CallableTests-frameworks.sh",
				"${BUILT_PRODUCTS_DIR}/GTMSessionFetcher/GTMSessionFetcher.framework",
				"${BUILT_PRODUCTS_DIR}/GoogleToolboxForMac/GoogleToolboxForMac.framework",
				"${BUILT_PRODUCTS_DIR}/Result/Result.framework",
			);
			name = "[CP] Embed Pods Frameworks";
			outputPaths = (
				"${TARGET_BUILD_DIR}/${FRAMEWORKS_FOLDER_PATH}/GTMSessionFetcher.framework",
				"${TARGET_BUILD_DIR}/${FRAMEWORKS_FOLDER_PATH}/GoogleToolboxForMac.framework",
				"${TARGET_BUILD_DIR}/${FRAMEWORKS_FOLDER_PATH}/Result.framework",
			);
			runOnlyForDeploymentPostprocessing = 0;
			shellPath = /bin/sh;
			shellScript = "\"${SRCROOT}/Pods/Target Support Files/Pods-CallableTests/Pods-CallableTests-frameworks.sh\"\n";
			showEnvVarsInLog = 0;
		};
		9964510C9A26196594BC4F2D /* [CP] Check Pods Manifest.lock */ = {
			isa = PBXShellScriptBuildPhase;
			buildActionMask = 2147483647;
			files = (
			);
			inputPaths = (
				"${PODS_PODFILE_DIR_PATH}/Podfile.lock",
				"${PODS_ROOT}/Manifest.lock",
			);
			name = "[CP] Check Pods Manifest.lock";
			outputPaths = (
				"$(DERIVED_FILE_DIR)/Pods-CallableTests-checkManifestLockResult.txt",
			);
			runOnlyForDeploymentPostprocessing = 0;
			shellPath = /bin/sh;
			shellScript = "diff \"${PODS_PODFILE_DIR_PATH}/Podfile.lock\" \"${PODS_ROOT}/Manifest.lock\" > /dev/null\nif [ $? != 0 ] ; then\n    # print error to STDERR\n    echo \"error: The sandbox is not in sync with the Podfile.lock. Run 'pod install' or update your CocoaPods installation.\" >&2\n    exit 1\nfi\n# This output is used by Xcode 'outputs' to avoid re-running this script phase.\necho \"SUCCESS\" > \"${SCRIPT_OUTPUT_FILE_0}\"\n";
			showEnvVarsInLog = 0;
		};
		D5575AAA69A75EBF13C2FF5B /* [CP] Check Pods Manifest.lock */ = {
			isa = PBXShellScriptBuildPhase;
			buildActionMask = 2147483647;
			files = (
			);
			inputPaths = (
				"${PODS_PODFILE_DIR_PATH}/Podfile.lock",
				"${PODS_ROOT}/Manifest.lock",
			);
			name = "[CP] Check Pods Manifest.lock";
			outputPaths = (
				"$(DERIVED_FILE_DIR)/Pods-Callable-checkManifestLockResult.txt",
			);
			runOnlyForDeploymentPostprocessing = 0;
			shellPath = /bin/sh;
			shellScript = "diff \"${PODS_PODFILE_DIR_PATH}/Podfile.lock\" \"${PODS_ROOT}/Manifest.lock\" > /dev/null\nif [ $? != 0 ] ; then\n    # print error to STDERR\n    echo \"error: The sandbox is not in sync with the Podfile.lock. Run 'pod install' or update your CocoaPods installation.\" >&2\n    exit 1\nfi\n# This output is used by Xcode 'outputs' to avoid re-running this script phase.\necho \"SUCCESS\" > \"${SCRIPT_OUTPUT_FILE_0}\"\n";
			showEnvVarsInLog = 0;
		};
		E29392669CAF8F4EF4065C24 /* [CP] Embed Pods Frameworks */ = {
			isa = PBXShellScriptBuildPhase;
			buildActionMask = 2147483647;
			files = (
			);
			inputPaths = (
				"${SRCROOT}/Pods/Target Support Files/Pods-Demo/Pods-Demo-frameworks.sh",
				"${BUILT_PRODUCTS_DIR}/GTMSessionFetcher/GTMSessionFetcher.framework",
				"${BUILT_PRODUCTS_DIR}/GoogleToolboxForMac/GoogleToolboxForMac.framework",
				"${BUILT_PRODUCTS_DIR}/Result/Result.framework",
			);
			name = "[CP] Embed Pods Frameworks";
			outputPaths = (
				"${TARGET_BUILD_DIR}/${FRAMEWORKS_FOLDER_PATH}/GTMSessionFetcher.framework",
				"${TARGET_BUILD_DIR}/${FRAMEWORKS_FOLDER_PATH}/GoogleToolboxForMac.framework",
				"${TARGET_BUILD_DIR}/${FRAMEWORKS_FOLDER_PATH}/Result.framework",
			);
			runOnlyForDeploymentPostprocessing = 0;
			shellPath = /bin/sh;
			shellScript = "\"${SRCROOT}/Pods/Target Support Files/Pods-Demo/Pods-Demo-frameworks.sh\"\n";
			showEnvVarsInLog = 0;
		};
/* End PBXShellScriptBuildPhase section */

/* Begin PBXSourcesBuildPhase section */
		320D9A5020651B6B00BF5396 /* Sources */ = {
			isa = PBXSourcesBuildPhase;
			buildActionMask = 2147483647;
			files = (
				169C17A720994B9F008A94D2 /* Session.swift in Sources */,
				320D9A5920651B6B00BF5396 /* ViewController.swift in Sources */,
				320D9A5720651B6B00BF5396 /* AppDelegate.swift in Sources */,
				169C17A820994BAA008A94D2 /* CallableSession.swift in Sources */,
				320D9A6620651B8000BF5396 /* Callable.swift in Sources */,
			);
			runOnlyForDeploymentPostprocessing = 0;
		};
		32F3554F2065143500E49EF2 /* Sources */ = {
			isa = PBXSourcesBuildPhase;
			buildActionMask = 2147483647;
			files = (
				169C17A5209945BC008A94D2 /* CallableSession.swift in Sources */,
				32F3556F2065144600E49EF2 /* Callable.swift in Sources */,
				169C17A6209947F5008A94D2 /* Session.swift in Sources */,
			);
			runOnlyForDeploymentPostprocessing = 0;
		};
		32F355592065143500E49EF2 /* Sources */ = {
			isa = PBXSourcesBuildPhase;
			buildActionMask = 2147483647;
			files = (
				32F355632065143500E49EF2 /* CallableTests.swift in Sources */,
			);
			runOnlyForDeploymentPostprocessing = 0;
		};
/* End PBXSourcesBuildPhase section */

/* Begin PBXTargetDependency section */
		32F355602065143500E49EF2 /* PBXTargetDependency */ = {
			isa = PBXTargetDependency;
			target = 32F355532065143500E49EF2 /* Callable */;
			targetProxy = 32F3555F2065143500E49EF2 /* PBXContainerItemProxy */;
		};
/* End PBXTargetDependency section */

/* Begin PBXVariantGroup section */
		320D9A5A20651B6B00BF5396 /* Main.storyboard */ = {
			isa = PBXVariantGroup;
			children = (
				320D9A5B20651B6B00BF5396 /* Base */,
			);
			name = Main.storyboard;
			sourceTree = "<group>";
		};
		320D9A5F20651B6B00BF5396 /* LaunchScreen.storyboard */ = {
			isa = PBXVariantGroup;
			children = (
				320D9A6020651B6B00BF5396 /* Base */,
			);
			name = LaunchScreen.storyboard;
			sourceTree = "<group>";
		};
/* End PBXVariantGroup section */

/* Begin XCBuildConfiguration section */
		320D9A6320651B6B00BF5396 /* Debug */ = {
			isa = XCBuildConfiguration;
			baseConfigurationReference = E53AAD155DAFD375528CD1C9 /* Pods-Demo.debug.xcconfig */;
			buildSettings = {
				ASSETCATALOG_COMPILER_APPICON_NAME = AppIcon;
				CODE_SIGN_STYLE = Automatic;
				DEVELOPMENT_TEAM = 5NG7BR536A;
				INFOPLIST_FILE = Demo/Info.plist;
				LD_RUNPATH_SEARCH_PATHS = "$(inherited) @executable_path/Frameworks";
				PRODUCT_BUNDLE_IDENTIFIER = com.starhoshi.Demo;
				PRODUCT_NAME = "$(TARGET_NAME)";
				SWIFT_VERSION = 4.0;
				TARGETED_DEVICE_FAMILY = "1,2";
			};
			name = Debug;
		};
		320D9A6420651B6B00BF5396 /* Release */ = {
			isa = XCBuildConfiguration;
			baseConfigurationReference = C6A834606B975698042E328C /* Pods-Demo.release.xcconfig */;
			buildSettings = {
				ASSETCATALOG_COMPILER_APPICON_NAME = AppIcon;
				CODE_SIGN_STYLE = Automatic;
				DEVELOPMENT_TEAM = 5NG7BR536A;
				INFOPLIST_FILE = Demo/Info.plist;
				LD_RUNPATH_SEARCH_PATHS = "$(inherited) @executable_path/Frameworks";
				PRODUCT_BUNDLE_IDENTIFIER = com.starhoshi.Demo;
				PRODUCT_NAME = "$(TARGET_NAME)";
				SWIFT_VERSION = 4.0;
				TARGETED_DEVICE_FAMILY = "1,2";
			};
			name = Release;
		};
		32F355662065143500E49EF2 /* Debug */ = {
			isa = XCBuildConfiguration;
			buildSettings = {
				ALWAYS_SEARCH_USER_PATHS = NO;
				CLANG_ANALYZER_NONNULL = YES;
				CLANG_ANALYZER_NUMBER_OBJECT_CONVERSION = YES_AGGRESSIVE;
				CLANG_CXX_LANGUAGE_STANDARD = "gnu++14";
				CLANG_CXX_LIBRARY = "libc++";
				CLANG_ENABLE_MODULES = YES;
				CLANG_ENABLE_OBJC_ARC = YES;
				CLANG_WARN_BLOCK_CAPTURE_AUTORELEASING = YES;
				CLANG_WARN_BOOL_CONVERSION = YES;
				CLANG_WARN_COMMA = YES;
				CLANG_WARN_CONSTANT_CONVERSION = YES;
				CLANG_WARN_DIRECT_OBJC_ISA_USAGE = YES_ERROR;
				CLANG_WARN_DOCUMENTATION_COMMENTS = YES;
				CLANG_WARN_EMPTY_BODY = YES;
				CLANG_WARN_ENUM_CONVERSION = YES;
				CLANG_WARN_INFINITE_RECURSION = YES;
				CLANG_WARN_INT_CONVERSION = YES;
				CLANG_WARN_NON_LITERAL_NULL_CONVERSION = YES;
				CLANG_WARN_OBJC_LITERAL_CONVERSION = YES;
				CLANG_WARN_OBJC_ROOT_CLASS = YES_ERROR;
				CLANG_WARN_RANGE_LOOP_ANALYSIS = YES;
				CLANG_WARN_STRICT_PROTOTYPES = YES;
				CLANG_WARN_SUSPICIOUS_MOVE = YES;
				CLANG_WARN_UNGUARDED_AVAILABILITY = YES_AGGRESSIVE;
				CLANG_WARN_UNREACHABLE_CODE = YES;
				CLANG_WARN__DUPLICATE_METHOD_MATCH = YES;
				CODE_SIGN_IDENTITY = "iPhone Developer";
				COPY_PHASE_STRIP = NO;
				CURRENT_PROJECT_VERSION = 1;
				DEBUG_INFORMATION_FORMAT = dwarf;
				ENABLE_STRICT_OBJC_MSGSEND = YES;
				ENABLE_TESTABILITY = YES;
				GCC_C_LANGUAGE_STANDARD = gnu11;
				GCC_DYNAMIC_NO_PIC = NO;
				GCC_NO_COMMON_BLOCKS = YES;
				GCC_OPTIMIZATION_LEVEL = 0;
				GCC_PREPROCESSOR_DEFINITIONS = (
					"DEBUG=1",
					"$(inherited)",
				);
				GCC_WARN_64_TO_32_BIT_CONVERSION = YES;
				GCC_WARN_ABOUT_RETURN_TYPE = YES_ERROR;
				GCC_WARN_UNDECLARED_SELECTOR = YES;
				GCC_WARN_UNINITIALIZED_AUTOS = YES_AGGRESSIVE;
				GCC_WARN_UNUSED_FUNCTION = YES;
				GCC_WARN_UNUSED_VARIABLE = YES;
				IPHONEOS_DEPLOYMENT_TARGET = 11.2;
				MTL_ENABLE_DEBUG_INFO = YES;
				ONLY_ACTIVE_ARCH = YES;
				SDKROOT = iphoneos;
				SWIFT_ACTIVE_COMPILATION_CONDITIONS = DEBUG;
				SWIFT_OPTIMIZATION_LEVEL = "-Onone";
				VERSIONING_SYSTEM = "apple-generic";
				VERSION_INFO_PREFIX = "";
			};
			name = Debug;
		};
		32F355672065143500E49EF2 /* Release */ = {
			isa = XCBuildConfiguration;
			buildSettings = {
				ALWAYS_SEARCH_USER_PATHS = NO;
				CLANG_ANALYZER_NONNULL = YES;
				CLANG_ANALYZER_NUMBER_OBJECT_CONVERSION = YES_AGGRESSIVE;
				CLANG_CXX_LANGUAGE_STANDARD = "gnu++14";
				CLANG_CXX_LIBRARY = "libc++";
				CLANG_ENABLE_MODULES = YES;
				CLANG_ENABLE_OBJC_ARC = YES;
				CLANG_WARN_BLOCK_CAPTURE_AUTORELEASING = YES;
				CLANG_WARN_BOOL_CONVERSION = YES;
				CLANG_WARN_COMMA = YES;
				CLANG_WARN_CONSTANT_CONVERSION = YES;
				CLANG_WARN_DIRECT_OBJC_ISA_USAGE = YES_ERROR;
				CLANG_WARN_DOCUMENTATION_COMMENTS = YES;
				CLANG_WARN_EMPTY_BODY = YES;
				CLANG_WARN_ENUM_CONVERSION = YES;
				CLANG_WARN_INFINITE_RECURSION = YES;
				CLANG_WARN_INT_CONVERSION = YES;
				CLANG_WARN_NON_LITERAL_NULL_CONVERSION = YES;
				CLANG_WARN_OBJC_LITERAL_CONVERSION = YES;
				CLANG_WARN_OBJC_ROOT_CLASS = YES_ERROR;
				CLANG_WARN_RANGE_LOOP_ANALYSIS = YES;
				CLANG_WARN_STRICT_PROTOTYPES = YES;
				CLANG_WARN_SUSPICIOUS_MOVE = YES;
				CLANG_WARN_UNGUARDED_AVAILABILITY = YES_AGGRESSIVE;
				CLANG_WARN_UNREACHABLE_CODE = YES;
				CLANG_WARN__DUPLICATE_METHOD_MATCH = YES;
				CODE_SIGN_IDENTITY = "iPhone Developer";
				COPY_PHASE_STRIP = NO;
				CURRENT_PROJECT_VERSION = 1;
				DEBUG_INFORMATION_FORMAT = "dwarf-with-dsym";
				ENABLE_NS_ASSERTIONS = NO;
				ENABLE_STRICT_OBJC_MSGSEND = YES;
				GCC_C_LANGUAGE_STANDARD = gnu11;
				GCC_NO_COMMON_BLOCKS = YES;
				GCC_WARN_64_TO_32_BIT_CONVERSION = YES;
				GCC_WARN_ABOUT_RETURN_TYPE = YES_ERROR;
				GCC_WARN_UNDECLARED_SELECTOR = YES;
				GCC_WARN_UNINITIALIZED_AUTOS = YES_AGGRESSIVE;
				GCC_WARN_UNUSED_FUNCTION = YES;
				GCC_WARN_UNUSED_VARIABLE = YES;
				IPHONEOS_DEPLOYMENT_TARGET = 11.2;
				MTL_ENABLE_DEBUG_INFO = NO;
				SDKROOT = iphoneos;
				SWIFT_OPTIMIZATION_LEVEL = "-Owholemodule";
				VALIDATE_PRODUCT = YES;
				VERSIONING_SYSTEM = "apple-generic";
				VERSION_INFO_PREFIX = "";
			};
			name = Release;
		};
		32F355692065143500E49EF2 /* Debug */ = {
			isa = XCBuildConfiguration;
			baseConfigurationReference = AFF86B837E5B03A2A77B261F /* Pods-Callable.debug.xcconfig */;
			buildSettings = {
				CLANG_ENABLE_MODULES = YES;
				CODE_SIGN_IDENTITY = "";
				CODE_SIGN_STYLE = Automatic;
				DEFINES_MODULE = YES;
				DEVELOPMENT_TEAM = 5NG7BR536A;
				DYLIB_COMPATIBILITY_VERSION = 1;
				DYLIB_CURRENT_VERSION = 1;
				DYLIB_INSTALL_NAME_BASE = "@rpath";
				INFOPLIST_FILE = Callable/Info.plist;
				INSTALL_PATH = "$(LOCAL_LIBRARY_DIR)/Frameworks";
				LD_RUNPATH_SEARCH_PATHS = "$(inherited) @executable_path/Frameworks @loader_path/Frameworks";
				PRODUCT_BUNDLE_IDENTIFIER = com.starhoshi.Callable;
				PRODUCT_NAME = "$(TARGET_NAME:c99extidentifier)";
				SKIP_INSTALL = YES;
				SWIFT_OPTIMIZATION_LEVEL = "-Onone";
				SWIFT_VERSION = 4.0;
				TARGETED_DEVICE_FAMILY = "1,2";
			};
			name = Debug;
		};
		32F3556A2065143500E49EF2 /* Release */ = {
			isa = XCBuildConfiguration;
			baseConfigurationReference = 55F8EC0DA65C350650315359 /* Pods-Callable.release.xcconfig */;
			buildSettings = {
				CLANG_ENABLE_MODULES = YES;
				CODE_SIGN_IDENTITY = "";
				CODE_SIGN_STYLE = Automatic;
				DEFINES_MODULE = YES;
				DEVELOPMENT_TEAM = 5NG7BR536A;
				DYLIB_COMPATIBILITY_VERSION = 1;
				DYLIB_CURRENT_VERSION = 1;
				DYLIB_INSTALL_NAME_BASE = "@rpath";
				INFOPLIST_FILE = Callable/Info.plist;
				INSTALL_PATH = "$(LOCAL_LIBRARY_DIR)/Frameworks";
				LD_RUNPATH_SEARCH_PATHS = "$(inherited) @executable_path/Frameworks @loader_path/Frameworks";
				PRODUCT_BUNDLE_IDENTIFIER = com.starhoshi.Callable;
				PRODUCT_NAME = "$(TARGET_NAME:c99extidentifier)";
				SKIP_INSTALL = YES;
				SWIFT_VERSION = 4.0;
				TARGETED_DEVICE_FAMILY = "1,2";
			};
			name = Release;
		};
		32F3556C2065143500E49EF2 /* Debug */ = {
			isa = XCBuildConfiguration;
			baseConfigurationReference = DCA64A3D11BD3256D11E8BEC /* Pods-CallableTests.debug.xcconfig */;
			buildSettings = {
				ALWAYS_EMBED_SWIFT_STANDARD_LIBRARIES = YES;
				CODE_SIGN_STYLE = Automatic;
				DEVELOPMENT_TEAM = 5NG7BR536A;
				INFOPLIST_FILE = CallableTests/Info.plist;
				LD_RUNPATH_SEARCH_PATHS = "$(inherited) @executable_path/Frameworks @loader_path/Frameworks";
				PRODUCT_BUNDLE_IDENTIFIER = com.starhoshi.CallableTests;
				PRODUCT_NAME = "$(TARGET_NAME)";
				SWIFT_VERSION = 4.0;
				TARGETED_DEVICE_FAMILY = "1,2";
			};
			name = Debug;
		};
		32F3556D2065143500E49EF2 /* Release */ = {
			isa = XCBuildConfiguration;
			baseConfigurationReference = 61B1109EBA47744A611B26F8 /* Pods-CallableTests.release.xcconfig */;
			buildSettings = {
				ALWAYS_EMBED_SWIFT_STANDARD_LIBRARIES = YES;
				CODE_SIGN_STYLE = Automatic;
				DEVELOPMENT_TEAM = 5NG7BR536A;
				INFOPLIST_FILE = CallableTests/Info.plist;
				LD_RUNPATH_SEARCH_PATHS = "$(inherited) @executable_path/Frameworks @loader_path/Frameworks";
				PRODUCT_BUNDLE_IDENTIFIER = com.starhoshi.CallableTests;
				PRODUCT_NAME = "$(TARGET_NAME)";
				SWIFT_VERSION = 4.0;
				TARGETED_DEVICE_FAMILY = "1,2";
			};
			name = Release;
		};
/* End XCBuildConfiguration section */

/* Begin XCConfigurationList section */
		320D9A6520651B6B00BF5396 /* Build configuration list for PBXNativeTarget "Demo" */ = {
			isa = XCConfigurationList;
			buildConfigurations = (
				320D9A6320651B6B00BF5396 /* Debug */,
				320D9A6420651B6B00BF5396 /* Release */,
			);
			defaultConfigurationIsVisible = 0;
			defaultConfigurationName = Release;
		};
		32F3554E2065143500E49EF2 /* Build configuration list for PBXProject "Callable" */ = {
			isa = XCConfigurationList;
			buildConfigurations = (
				32F355662065143500E49EF2 /* Debug */,
				32F355672065143500E49EF2 /* Release */,
			);
			defaultConfigurationIsVisible = 0;
			defaultConfigurationName = Release;
		};
		32F355682065143500E49EF2 /* Build configuration list for PBXNativeTarget "Callable" */ = {
			isa = XCConfigurationList;
			buildConfigurations = (
				32F355692065143500E49EF2 /* Debug */,
				32F3556A2065143500E49EF2 /* Release */,
			);
			defaultConfigurationIsVisible = 0;
			defaultConfigurationName = Release;
		};
		32F3556B2065143500E49EF2 /* Build configuration list for PBXNativeTarget "CallableTests" */ = {
			isa = XCConfigurationList;
			buildConfigurations = (
				32F3556C2065143500E49EF2 /* Debug */,
				32F3556D2065143500E49EF2 /* Release */,
			);
			defaultConfigurationIsVisible = 0;
			defaultConfigurationName = Release;
		};
/* End XCConfigurationList section */
	};
	rootObject = 32F3554B2065143500E49EF2 /* Project object */;
}
